// !$*UTF8*$!
{
	archiveVersion = 1;
	classes = {
	};
	objectVersion = 48;
	objects = {

/* Begin PBXBuildFile section */
		FE0BC4F1203308D300505B36 /* libopencv_line_descriptor.3.4.0.dylib in Frameworks */ = {isa = PBXBuildFile; fileRef = FE0BC4C7203308D200505B36 /* libopencv_line_descriptor.3.4.0.dylib */; };
		FE0BC4F2203308D300505B36 /* libopencv_videoio.3.4.0.dylib in Frameworks */ = {isa = PBXBuildFile; fileRef = FE0BC4C8203308D200505B36 /* libopencv_videoio.3.4.0.dylib */; };
		FE0BC4F3203308D300505B36 /* libopencv_flann.3.4.0.dylib in Frameworks */ = {isa = PBXBuildFile; fileRef = FE0BC4C9203308D200505B36 /* libopencv_flann.3.4.0.dylib */; };
		FE0BC4F4203308D300505B36 /* libopencv_reg.3.4.0.dylib in Frameworks */ = {isa = PBXBuildFile; fileRef = FE0BC4CA203308D200505B36 /* libopencv_reg.3.4.0.dylib */; };
		FE0BC4F5203308D300505B36 /* libopencv_imgproc.3.4.0.dylib in Frameworks */ = {isa = PBXBuildFile; fileRef = FE0BC4CB203308D200505B36 /* libopencv_imgproc.3.4.0.dylib */; };
		FE0BC4F6203308D300505B36 /* libopencv_img_hash.3.4.0.dylib in Frameworks */ = {isa = PBXBuildFile; fileRef = FE0BC4CC203308D200505B36 /* libopencv_img_hash.3.4.0.dylib */; };
		FE0BC4F7203308D300505B36 /* libopencv_plot.3.4.0.dylib in Frameworks */ = {isa = PBXBuildFile; fileRef = FE0BC4CD203308D200505B36 /* libopencv_plot.3.4.0.dylib */; };
		FE0BC4F8203308D300505B36 /* libopencv_xphoto.3.4.0.dylib in Frameworks */ = {isa = PBXBuildFile; fileRef = FE0BC4CE203308D200505B36 /* libopencv_xphoto.3.4.0.dylib */; };
		FE0BC4F9203308D300505B36 /* libopencv_objdetect.3.4.0.dylib in Frameworks */ = {isa = PBXBuildFile; fileRef = FE0BC4CF203308D200505B36 /* libopencv_objdetect.3.4.0.dylib */; };
		FE0BC4FA203308D300505B36 /* libopencv_text.3.4.0.dylib in Frameworks */ = {isa = PBXBuildFile; fileRef = FE0BC4D0203308D200505B36 /* libopencv_text.3.4.0.dylib */; };
		FE0BC4FB203308D300505B36 /* libopencv_photo.3.4.0.dylib in Frameworks */ = {isa = PBXBuildFile; fileRef = FE0BC4D1203308D200505B36 /* libopencv_photo.3.4.0.dylib */; };
		FE0BC4FC203308D300505B36 /* libopencv_tracking.3.4.0.dylib in Frameworks */ = {isa = PBXBuildFile; fileRef = FE0BC4D2203308D200505B36 /* libopencv_tracking.3.4.0.dylib */; };
		FE0BC4FD203308D300505B36 /* libopencv_xfeatures2d.3.4.0.dylib in Frameworks */ = {isa = PBXBuildFile; fileRef = FE0BC4D3203308D200505B36 /* libopencv_xfeatures2d.3.4.0.dylib */; };
		FE0BC4FE203308D300505B36 /* libopencv_ml.3.4.0.dylib in Frameworks */ = {isa = PBXBuildFile; fileRef = FE0BC4D4203308D200505B36 /* libopencv_ml.3.4.0.dylib */; };
		FE0BC4FF203308D300505B36 /* libopencv_phase_unwrapping.3.4.0.dylib in Frameworks */ = {isa = PBXBuildFile; fileRef = FE0BC4D5203308D300505B36 /* libopencv_phase_unwrapping.3.4.0.dylib */; };
		FE0BC500203308D300505B36 /* libopencv_saliency.3.4.0.dylib in Frameworks */ = {isa = PBXBuildFile; fileRef = FE0BC4D6203308D300505B36 /* libopencv_saliency.3.4.0.dylib */; };
		FE0BC501203308D300505B36 /* libopencv_face.3.4.0.dylib in Frameworks */ = {isa = PBXBuildFile; fileRef = FE0BC4D7203308D300505B36 /* libopencv_face.3.4.0.dylib */; };
		FE0BC502203308D300505B36 /* libopencv_shape.3.4.0.dylib in Frameworks */ = {isa = PBXBuildFile; fileRef = FE0BC4D8203308D300505B36 /* libopencv_shape.3.4.0.dylib */; };
		FE0BC503203308D300505B36 /* libopencv_bioinspired.3.4.0.dylib in Frameworks */ = {isa = PBXBuildFile; fileRef = FE0BC4D9203308D300505B36 /* libopencv_bioinspired.3.4.0.dylib */; };
		FE0BC504203308D300505B36 /* libopencv_dnn.3.4.0.dylib in Frameworks */ = {isa = PBXBuildFile; fileRef = FE0BC4DA203308D300505B36 /* libopencv_dnn.3.4.0.dylib */; };
		FE0BC505203308D300505B36 /* libopencv_stereo.3.4.0.dylib in Frameworks */ = {isa = PBXBuildFile; fileRef = FE0BC4DB203308D300505B36 /* libopencv_stereo.3.4.0.dylib */; };
		FE0BC506203308D300505B36 /* libopencv_video.3.4.0.dylib in Frameworks */ = {isa = PBXBuildFile; fileRef = FE0BC4DC203308D300505B36 /* libopencv_video.3.4.0.dylib */; };
		FE0BC507203308D300505B36 /* libopencv_aruco.3.4.0.dylib in Frameworks */ = {isa = PBXBuildFile; fileRef = FE0BC4DD203308D300505B36 /* libopencv_aruco.3.4.0.dylib */; };
		FE0BC508203308D300505B36 /* libopencv_optflow.3.4.0.dylib in Frameworks */ = {isa = PBXBuildFile; fileRef = FE0BC4DE203308D300505B36 /* libopencv_optflow.3.4.0.dylib */; };
		FE0BC509203308D300505B36 /* libopencv_imgcodecs.3.4.0.dylib in Frameworks */ = {isa = PBXBuildFile; fileRef = FE0BC4DF203308D300505B36 /* libopencv_imgcodecs.3.4.0.dylib */; };
		FE0BC50A203308D300505B36 /* libopencv_videostab.3.4.0.dylib in Frameworks */ = {isa = PBXBuildFile; fileRef = FE0BC4E0203308D300505B36 /* libopencv_videostab.3.4.0.dylib */; };
		FE0BC50B203308D300505B36 /* libopencv_ximgproc.3.4.0.dylib in Frameworks */ = {isa = PBXBuildFile; fileRef = FE0BC4E1203308D300505B36 /* libopencv_ximgproc.3.4.0.dylib */; };
		FE0BC50C203308D300505B36 /* libopencv_superres.3.4.0.dylib in Frameworks */ = {isa = PBXBuildFile; fileRef = FE0BC4E2203308D300505B36 /* libopencv_superres.3.4.0.dylib */; };
		FE0BC50D203308D400505B36 /* libopencv_fuzzy.3.4.0.dylib in Frameworks */ = {isa = PBXBuildFile; fileRef = FE0BC4E3203308D300505B36 /* libopencv_fuzzy.3.4.0.dylib */; };
		FE0BC50E203308D400505B36 /* libopencv_features2d.3.4.0.dylib in Frameworks */ = {isa = PBXBuildFile; fileRef = FE0BC4E4203308D300505B36 /* libopencv_features2d.3.4.0.dylib */; };
		FE0BC50F203308D400505B36 /* libopencv_datasets.3.4.0.dylib in Frameworks */ = {isa = PBXBuildFile; fileRef = FE0BC4E5203308D300505B36 /* libopencv_datasets.3.4.0.dylib */; };
		FE0BC510203308D400505B36 /* libopencv_xobjdetect.3.4.0.dylib in Frameworks */ = {isa = PBXBuildFile; fileRef = FE0BC4E6203308D300505B36 /* libopencv_xobjdetect.3.4.0.dylib */; };
		FE0BC511203308D400505B36 /* libopencv_highgui.3.4.0.dylib in Frameworks */ = {isa = PBXBuildFile; fileRef = FE0BC4E7203308D300505B36 /* libopencv_highgui.3.4.0.dylib */; };
		FE0BC512203308D400505B36 /* libopencv_stitching.3.4.0.dylib in Frameworks */ = {isa = PBXBuildFile; fileRef = FE0BC4E8203308D300505B36 /* libopencv_stitching.3.4.0.dylib */; };
		FE0BC513203308D400505B36 /* libopencv_calib3d.3.4.0.dylib in Frameworks */ = {isa = PBXBuildFile; fileRef = FE0BC4E9203308D300505B36 /* libopencv_calib3d.3.4.0.dylib */; };
		FE0BC514203308D400505B36 /* libopencv_core.3.4.0.dylib in Frameworks */ = {isa = PBXBuildFile; fileRef = FE0BC4EA203308D300505B36 /* libopencv_core.3.4.0.dylib */; };
		FE0BC515203308D400505B36 /* libopencv_dpm.3.4.0.dylib in Frameworks */ = {isa = PBXBuildFile; fileRef = FE0BC4EB203308D300505B36 /* libopencv_dpm.3.4.0.dylib */; };
		FE0BC516203308D400505B36 /* libopencv_ccalib.3.4.0.dylib in Frameworks */ = {isa = PBXBuildFile; fileRef = FE0BC4EC203308D300505B36 /* libopencv_ccalib.3.4.0.dylib */; };
		FE0BC517203308D400505B36 /* libopencv_rgbd.3.4.0.dylib in Frameworks */ = {isa = PBXBuildFile; fileRef = FE0BC4ED203308D300505B36 /* libopencv_rgbd.3.4.0.dylib */; };
		FE0BC518203308D400505B36 /* libopencv_bgsegm.3.4.0.dylib in Frameworks */ = {isa = PBXBuildFile; fileRef = FE0BC4EE203308D300505B36 /* libopencv_bgsegm.3.4.0.dylib */; };
		FE0BC519203308D400505B36 /* libopencv_structured_light.3.4.0.dylib in Frameworks */ = {isa = PBXBuildFile; fileRef = FE0BC4EF203308D300505B36 /* libopencv_structured_light.3.4.0.dylib */; };
		FE0BC51A203308D400505B36 /* libopencv_surface_matching.3.4.0.dylib in Frameworks */ = {isa = PBXBuildFile; fileRef = FE0BC4F0203308D300505B36 /* libopencv_surface_matching.3.4.0.dylib */; };
		FE3CB6C0205C5F7A00620FB4 /* conversionOfLog.cpp in Sources */ = {isa = PBXBuildFile; fileRef = FE3CB6BE205C5F7A00620FB4 /* conversionOfLog.cpp */; };
		FE3CB6C4205C610D00620FB4 /* luminanceConversion.cpp in Sources */ = {isa = PBXBuildFile; fileRef = FE3CB6C2205C610D00620FB4 /* luminanceConversion.cpp */; };
		FED799382033081F0065AC30 /* main.cpp in Sources */ = {isa = PBXBuildFile; fileRef = FED799372033081F0065AC30 /* main.cpp */; };
/* End PBXBuildFile section */

/* Begin PBXCopyFilesBuildPhase section */
		FED799322033081F0065AC30 /* CopyFiles */ = {
			isa = PBXCopyFilesBuildPhase;
			buildActionMask = 2147483647;
			dstPath = /usr/share/man/man1/;
			dstSubfolderSpec = 0;
			files = (
			);
			runOnlyForDeploymentPostprocessing = 1;
		};
/* End PBXCopyFilesBuildPhase section */

/* Begin PBXFileReference section */
		FE0BC4C7203308D200505B36 /* libopencv_line_descriptor.3.4.0.dylib */ = {isa = PBXFileReference; lastKnownFileType = "compiled.mach-o.dylib"; name = libopencv_line_descriptor.3.4.0.dylib; path = ../../../../../../usr/local/Cellar/opencv/3.4.0_1/lib/libopencv_line_descriptor.3.4.0.dylib; sourceTree = "<group>"; };
		FE0BC4C8203308D200505B36 /* libopencv_videoio.3.4.0.dylib */ = {isa = PBXFileReference; lastKnownFileType = "compiled.mach-o.dylib"; name = libopencv_videoio.3.4.0.dylib; path = ../../../../../../usr/local/Cellar/opencv/3.4.0_1/lib/libopencv_videoio.3.4.0.dylib; sourceTree = "<group>"; };
		FE0BC4C9203308D200505B36 /* libopencv_flann.3.4.0.dylib */ = {isa = PBXFileReference; lastKnownFileType = "compiled.mach-o.dylib"; name = libopencv_flann.3.4.0.dylib; path = ../../../../../../usr/local/Cellar/opencv/3.4.0_1/lib/libopencv_flann.3.4.0.dylib; sourceTree = "<group>"; };
		FE0BC4CA203308D200505B36 /* libopencv_reg.3.4.0.dylib */ = {isa = PBXFileReference; lastKnownFileType = "compiled.mach-o.dylib"; name = libopencv_reg.3.4.0.dylib; path = ../../../../../../usr/local/Cellar/opencv/3.4.0_1/lib/libopencv_reg.3.4.0.dylib; sourceTree = "<group>"; };
		FE0BC4CB203308D200505B36 /* libopencv_imgproc.3.4.0.dylib */ = {isa = PBXFileReference; lastKnownFileType = "compiled.mach-o.dylib"; name = libopencv_imgproc.3.4.0.dylib; path = ../../../../../../usr/local/Cellar/opencv/3.4.0_1/lib/libopencv_imgproc.3.4.0.dylib; sourceTree = "<group>"; };
		FE0BC4CC203308D200505B36 /* libopencv_img_hash.3.4.0.dylib */ = {isa = PBXFileReference; lastKnownFileType = "compiled.mach-o.dylib"; name = libopencv_img_hash.3.4.0.dylib; path = ../../../../../../usr/local/Cellar/opencv/3.4.0_1/lib/libopencv_img_hash.3.4.0.dylib; sourceTree = "<group>"; };
		FE0BC4CD203308D200505B36 /* libopencv_plot.3.4.0.dylib */ = {isa = PBXFileReference; lastKnownFileType = "compiled.mach-o.dylib"; name = libopencv_plot.3.4.0.dylib; path = ../../../../../../usr/local/Cellar/opencv/3.4.0_1/lib/libopencv_plot.3.4.0.dylib; sourceTree = "<group>"; };
		FE0BC4CE203308D200505B36 /* libopencv_xphoto.3.4.0.dylib */ = {isa = PBXFileReference; lastKnownFileType = "compiled.mach-o.dylib"; name = libopencv_xphoto.3.4.0.dylib; path = ../../../../../../usr/local/Cellar/opencv/3.4.0_1/lib/libopencv_xphoto.3.4.0.dylib; sourceTree = "<group>"; };
		FE0BC4CF203308D200505B36 /* libopencv_objdetect.3.4.0.dylib */ = {isa = PBXFileReference; lastKnownFileType = "compiled.mach-o.dylib"; name = libopencv_objdetect.3.4.0.dylib; path = ../../../../../../usr/local/Cellar/opencv/3.4.0_1/lib/libopencv_objdetect.3.4.0.dylib; sourceTree = "<group>"; };
		FE0BC4D0203308D200505B36 /* libopencv_text.3.4.0.dylib */ = {isa = PBXFileReference; lastKnownFileType = "compiled.mach-o.dylib"; name = libopencv_text.3.4.0.dylib; path = ../../../../../../usr/local/Cellar/opencv/3.4.0_1/lib/libopencv_text.3.4.0.dylib; sourceTree = "<group>"; };
		FE0BC4D1203308D200505B36 /* libopencv_photo.3.4.0.dylib */ = {isa = PBXFileReference; lastKnownFileType = "compiled.mach-o.dylib"; name = libopencv_photo.3.4.0.dylib; path = ../../../../../../usr/local/Cellar/opencv/3.4.0_1/lib/libopencv_photo.3.4.0.dylib; sourceTree = "<group>"; };
		FE0BC4D2203308D200505B36 /* libopencv_tracking.3.4.0.dylib */ = {isa = PBXFileReference; lastKnownFileType = "compiled.mach-o.dylib"; name = libopencv_tracking.3.4.0.dylib; path = ../../../../../../usr/local/Cellar/opencv/3.4.0_1/lib/libopencv_tracking.3.4.0.dylib; sourceTree = "<group>"; };
		FE0BC4D3203308D200505B36 /* libopencv_xfeatures2d.3.4.0.dylib */ = {isa = PBXFileReference; lastKnownFileType = "compiled.mach-o.dylib"; name = libopencv_xfeatures2d.3.4.0.dylib; path = ../../../../../../usr/local/Cellar/opencv/3.4.0_1/lib/libopencv_xfeatures2d.3.4.0.dylib; sourceTree = "<group>"; };
		FE0BC4D4203308D200505B36 /* libopencv_ml.3.4.0.dylib */ = {isa = PBXFileReference; lastKnownFileType = "compiled.mach-o.dylib"; name = libopencv_ml.3.4.0.dylib; path = ../../../../../../usr/local/Cellar/opencv/3.4.0_1/lib/libopencv_ml.3.4.0.dylib; sourceTree = "<group>"; };
		FE0BC4D5203308D300505B36 /* libopencv_phase_unwrapping.3.4.0.dylib */ = {isa = PBXFileReference; lastKnownFileType = "compiled.mach-o.dylib"; name = libopencv_phase_unwrapping.3.4.0.dylib; path = ../../../../../../usr/local/Cellar/opencv/3.4.0_1/lib/libopencv_phase_unwrapping.3.4.0.dylib; sourceTree = "<group>"; };
		FE0BC4D6203308D300505B36 /* libopencv_saliency.3.4.0.dylib */ = {isa = PBXFileReference; lastKnownFileType = "compiled.mach-o.dylib"; name = libopencv_saliency.3.4.0.dylib; path = ../../../../../../usr/local/Cellar/opencv/3.4.0_1/lib/libopencv_saliency.3.4.0.dylib; sourceTree = "<group>"; };
		FE0BC4D7203308D300505B36 /* libopencv_face.3.4.0.dylib */ = {isa = PBXFileReference; lastKnownFileType = "compiled.mach-o.dylib"; name = libopencv_face.3.4.0.dylib; path = ../../../../../../usr/local/Cellar/opencv/3.4.0_1/lib/libopencv_face.3.4.0.dylib; sourceTree = "<group>"; };
		FE0BC4D8203308D300505B36 /* libopencv_shape.3.4.0.dylib */ = {isa = PBXFileReference; lastKnownFileType = "compiled.mach-o.dylib"; name = libopencv_shape.3.4.0.dylib; path = ../../../../../../usr/local/Cellar/opencv/3.4.0_1/lib/libopencv_shape.3.4.0.dylib; sourceTree = "<group>"; };
		FE0BC4D9203308D300505B36 /* libopencv_bioinspired.3.4.0.dylib */ = {isa = PBXFileReference; lastKnownFileType = "compiled.mach-o.dylib"; name = libopencv_bioinspired.3.4.0.dylib; path = ../../../../../../usr/local/Cellar/opencv/3.4.0_1/lib/libopencv_bioinspired.3.4.0.dylib; sourceTree = "<group>"; };
		FE0BC4DA203308D300505B36 /* libopencv_dnn.3.4.0.dylib */ = {isa = PBXFileReference; lastKnownFileType = "compiled.mach-o.dylib"; name = libopencv_dnn.3.4.0.dylib; path = ../../../../../../usr/local/Cellar/opencv/3.4.0_1/lib/libopencv_dnn.3.4.0.dylib; sourceTree = "<group>"; };
		FE0BC4DB203308D300505B36 /* libopencv_stereo.3.4.0.dylib */ = {isa = PBXFileReference; lastKnownFileType = "compiled.mach-o.dylib"; name = libopencv_stereo.3.4.0.dylib; path = ../../../../../../usr/local/Cellar/opencv/3.4.0_1/lib/libopencv_stereo.3.4.0.dylib; sourceTree = "<group>"; };
		FE0BC4DC203308D300505B36 /* libopencv_video.3.4.0.dylib */ = {isa = PBXFileReference; lastKnownFileType = "compiled.mach-o.dylib"; name = libopencv_video.3.4.0.dylib; path = ../../../../../../usr/local/Cellar/opencv/3.4.0_1/lib/libopencv_video.3.4.0.dylib; sourceTree = "<group>"; };
		FE0BC4DD203308D300505B36 /* libopencv_aruco.3.4.0.dylib */ = {isa = PBXFileReference; lastKnownFileType = "compiled.mach-o.dylib"; name = libopencv_aruco.3.4.0.dylib; path = ../../../../../../usr/local/Cellar/opencv/3.4.0_1/lib/libopencv_aruco.3.4.0.dylib; sourceTree = "<group>"; };
		FE0BC4DE203308D300505B36 /* libopencv_optflow.3.4.0.dylib */ = {isa = PBXFileReference; lastKnownFileType = "compiled.mach-o.dylib"; name = libopencv_optflow.3.4.0.dylib; path = ../../../../../../usr/local/Cellar/opencv/3.4.0_1/lib/libopencv_optflow.3.4.0.dylib; sourceTree = "<group>"; };
		FE0BC4DF203308D300505B36 /* libopencv_imgcodecs.3.4.0.dylib */ = {isa = PBXFileReference; lastKnownFileType = "compiled.mach-o.dylib"; name = libopencv_imgcodecs.3.4.0.dylib; path = ../../../../../../usr/local/Cellar/opencv/3.4.0_1/lib/libopencv_imgcodecs.3.4.0.dylib; sourceTree = "<group>"; };
		FE0BC4E0203308D300505B36 /* libopencv_videostab.3.4.0.dylib */ = {isa = PBXFileReference; lastKnownFileType = "compiled.mach-o.dylib"; name = libopencv_videostab.3.4.0.dylib; path = ../../../../../../usr/local/Cellar/opencv/3.4.0_1/lib/libopencv_videostab.3.4.0.dylib; sourceTree = "<group>"; };
		FE0BC4E1203308D300505B36 /* libopencv_ximgproc.3.4.0.dylib */ = {isa = PBXFileReference; lastKnownFileType = "compiled.mach-o.dylib"; name = libopencv_ximgproc.3.4.0.dylib; path = ../../../../../../usr/local/Cellar/opencv/3.4.0_1/lib/libopencv_ximgproc.3.4.0.dylib; sourceTree = "<group>"; };
		FE0BC4E2203308D300505B36 /* libopencv_superres.3.4.0.dylib */ = {isa = PBXFileReference; lastKnownFileType = "compiled.mach-o.dylib"; name = libopencv_superres.3.4.0.dylib; path = ../../../../../../usr/local/Cellar/opencv/3.4.0_1/lib/libopencv_superres.3.4.0.dylib; sourceTree = "<group>"; };
		FE0BC4E3203308D300505B36 /* libopencv_fuzzy.3.4.0.dylib */ = {isa = PBXFileReference; lastKnownFileType = "compiled.mach-o.dylib"; name = libopencv_fuzzy.3.4.0.dylib; path = ../../../../../../usr/local/Cellar/opencv/3.4.0_1/lib/libopencv_fuzzy.3.4.0.dylib; sourceTree = "<group>"; };
		FE0BC4E4203308D300505B36 /* libopencv_features2d.3.4.0.dylib */ = {isa = PBXFileReference; lastKnownFileType = "compiled.mach-o.dylib"; name = libopencv_features2d.3.4.0.dylib; path = ../../../../../../usr/local/Cellar/opencv/3.4.0_1/lib/libopencv_features2d.3.4.0.dylib; sourceTree = "<group>"; };
		FE0BC4E5203308D300505B36 /* libopencv_datasets.3.4.0.dylib */ = {isa = PBXFileReference; lastKnownFileType = "compiled.mach-o.dylib"; name = libopencv_datasets.3.4.0.dylib; path = ../../../../../../usr/local/Cellar/opencv/3.4.0_1/lib/libopencv_datasets.3.4.0.dylib; sourceTree = "<group>"; };
		FE0BC4E6203308D300505B36 /* libopencv_xobjdetect.3.4.0.dylib */ = {isa = PBXFileReference; lastKnownFileType = "compiled.mach-o.dylib"; name = libopencv_xobjdetect.3.4.0.dylib; path = ../../../../../../usr/local/Cellar/opencv/3.4.0_1/lib/libopencv_xobjdetect.3.4.0.dylib; sourceTree = "<group>"; };
		FE0BC4E7203308D300505B36 /* libopencv_highgui.3.4.0.dylib */ = {isa = PBXFileReference; lastKnownFileType = "compiled.mach-o.dylib"; name = libopencv_highgui.3.4.0.dylib; path = ../../../../../../usr/local/Cellar/opencv/3.4.0_1/lib/libopencv_highgui.3.4.0.dylib; sourceTree = "<group>"; };
		FE0BC4E8203308D300505B36 /* libopencv_stitching.3.4.0.dylib */ = {isa = PBXFileReference; lastKnownFileType = "compiled.mach-o.dylib"; name = libopencv_stitching.3.4.0.dylib; path = ../../../../../../usr/local/Cellar/opencv/3.4.0_1/lib/libopencv_stitching.3.4.0.dylib; sourceTree = "<group>"; };
		FE0BC4E9203308D300505B36 /* libopencv_calib3d.3.4.0.dylib */ = {isa = PBXFileReference; lastKnownFileType = "compiled.mach-o.dylib"; name = libopencv_calib3d.3.4.0.dylib; path = ../../../../../../usr/local/Cellar/opencv/3.4.0_1/lib/libopencv_calib3d.3.4.0.dylib; sourceTree = "<group>"; };
		FE0BC4EA203308D300505B36 /* libopencv_core.3.4.0.dylib */ = {isa = PBXFileReference; lastKnownFileType = "compiled.mach-o.dylib"; name = libopencv_core.3.4.0.dylib; path = ../../../../../../usr/local/Cellar/opencv/3.4.0_1/lib/libopencv_core.3.4.0.dylib; sourceTree = "<group>"; };
		FE0BC4EB203308D300505B36 /* libopencv_dpm.3.4.0.dylib */ = {isa = PBXFileReference; lastKnownFileType = "compiled.mach-o.dylib"; name = libopencv_dpm.3.4.0.dylib; path = ../../../../../../usr/local/Cellar/opencv/3.4.0_1/lib/libopencv_dpm.3.4.0.dylib; sourceTree = "<group>"; };
		FE0BC4EC203308D300505B36 /* libopencv_ccalib.3.4.0.dylib */ = {isa = PBXFileReference; lastKnownFileType = "compiled.mach-o.dylib"; name = libopencv_ccalib.3.4.0.dylib; path = ../../../../../../usr/local/Cellar/opencv/3.4.0_1/lib/libopencv_ccalib.3.4.0.dylib; sourceTree = "<group>"; };
		FE0BC4ED203308D300505B36 /* libopencv_rgbd.3.4.0.dylib */ = {isa = PBXFileReference; lastKnownFileType = "compiled.mach-o.dylib"; name = libopencv_rgbd.3.4.0.dylib; path = ../../../../../../usr/local/Cellar/opencv/3.4.0_1/lib/libopencv_rgbd.3.4.0.dylib; sourceTree = "<group>"; };
		FE0BC4EE203308D300505B36 /* libopencv_bgsegm.3.4.0.dylib */ = {isa = PBXFileReference; lastKnownFileType = "compiled.mach-o.dylib"; name = libopencv_bgsegm.3.4.0.dylib; path = ../../../../../../usr/local/Cellar/opencv/3.4.0_1/lib/libopencv_bgsegm.3.4.0.dylib; sourceTree = "<group>"; };
		FE0BC4EF203308D300505B36 /* libopencv_structured_light.3.4.0.dylib */ = {isa = PBXFileReference; lastKnownFileType = "compiled.mach-o.dylib"; name = libopencv_structured_light.3.4.0.dylib; path = ../../../../../../usr/local/Cellar/opencv/3.4.0_1/lib/libopencv_structured_light.3.4.0.dylib; sourceTree = "<group>"; };
		FE0BC4F0203308D300505B36 /* libopencv_surface_matching.3.4.0.dylib */ = {isa = PBXFileReference; lastKnownFileType = "compiled.mach-o.dylib"; name = libopencv_surface_matching.3.4.0.dylib; path = ../../../../../../usr/local/Cellar/opencv/3.4.0_1/lib/libopencv_surface_matching.3.4.0.dylib; sourceTree = "<group>"; };
		FE3CB6BE205C5F7A00620FB4 /* conversionOfLog.cpp */ = {isa = PBXFileReference; lastKnownFileType = sourcecode.cpp.cpp; path = conversionOfLog.cpp; sourceTree = "<group>"; };
		FE3CB6BF205C5F7A00620FB4 /* conversionOfLog.hpp */ = {isa = PBXFileReference; lastKnownFileType = sourcecode.cpp.h; path = conversionOfLog.hpp; sourceTree = "<group>"; };
		FE3CB6C2205C610D00620FB4 /* luminanceConversion.cpp */ = {isa = PBXFileReference; lastKnownFileType = sourcecode.cpp.cpp; path = luminanceConversion.cpp; sourceTree = "<group>"; };
		FE3CB6C3205C610D00620FB4 /* luminanceConversion.hpp */ = {isa = PBXFileReference; lastKnownFileType = sourcecode.cpp.h; path = luminanceConversion.hpp; sourceTree = "<group>"; };
		FED799342033081F0065AC30 /* Luminance_conversion */ = {isa = PBXFileReference; explicitFileType = "compiled.mach-o.executable"; includeInIndex = 0; path = Luminance_conversion; sourceTree = BUILT_PRODUCTS_DIR; };
		FED799372033081F0065AC30 /* main.cpp */ = {isa = PBXFileReference; lastKnownFileType = sourcecode.cpp.cpp; path = main.cpp; sourceTree = "<group>"; };
/* End PBXFileReference section */

/* Begin PBXFrameworksBuildPhase section */
		FED799312033081F0065AC30 /* Frameworks */ = {
			isa = PBXFrameworksBuildPhase;
			buildActionMask = 2147483647;
			files = (
				FE0BC4F1203308D300505B36 /* libopencv_line_descriptor.3.4.0.dylib in Frameworks */,
				FE0BC4F2203308D300505B36 /* libopencv_videoio.3.4.0.dylib in Frameworks */,
				FE0BC4F3203308D300505B36 /* libopencv_flann.3.4.0.dylib in Frameworks */,
				FE0BC4F4203308D300505B36 /* libopencv_reg.3.4.0.dylib in Frameworks */,
				FE0BC4F5203308D300505B36 /* libopencv_imgproc.3.4.0.dylib in Frameworks */,
				FE0BC4F6203308D300505B36 /* libopencv_img_hash.3.4.0.dylib in Frameworks */,
				FE0BC4F7203308D300505B36 /* libopencv_plot.3.4.0.dylib in Frameworks */,
				FE0BC4F8203308D300505B36 /* libopencv_xphoto.3.4.0.dylib in Frameworks */,
				FE0BC4F9203308D300505B36 /* libopencv_objdetect.3.4.0.dylib in Frameworks */,
				FE0BC4FA203308D300505B36 /* libopencv_text.3.4.0.dylib in Frameworks */,
				FE0BC4FB203308D300505B36 /* libopencv_photo.3.4.0.dylib in Frameworks */,
				FE0BC4FC203308D300505B36 /* libopencv_tracking.3.4.0.dylib in Frameworks */,
				FE0BC4FD203308D300505B36 /* libopencv_xfeatures2d.3.4.0.dylib in Frameworks */,
				FE0BC4FE203308D300505B36 /* libopencv_ml.3.4.0.dylib in Frameworks */,
				FE0BC4FF203308D300505B36 /* libopencv_phase_unwrapping.3.4.0.dylib in Frameworks */,
				FE0BC500203308D300505B36 /* libopencv_saliency.3.4.0.dylib in Frameworks */,
				FE0BC501203308D300505B36 /* libopencv_face.3.4.0.dylib in Frameworks */,
				FE0BC502203308D300505B36 /* libopencv_shape.3.4.0.dylib in Frameworks */,
				FE0BC503203308D300505B36 /* libopencv_bioinspired.3.4.0.dylib in Frameworks */,
				FE0BC504203308D300505B36 /* libopencv_dnn.3.4.0.dylib in Frameworks */,
				FE0BC505203308D300505B36 /* libopencv_stereo.3.4.0.dylib in Frameworks */,
				FE0BC506203308D300505B36 /* libopencv_video.3.4.0.dylib in Frameworks */,
				FE0BC507203308D300505B36 /* libopencv_aruco.3.4.0.dylib in Frameworks */,
				FE0BC508203308D300505B36 /* libopencv_optflow.3.4.0.dylib in Frameworks */,
				FE0BC509203308D300505B36 /* libopencv_imgcodecs.3.4.0.dylib in Frameworks */,
				FE0BC50A203308D300505B36 /* libopencv_videostab.3.4.0.dylib in Frameworks */,
				FE0BC50B203308D300505B36 /* libopencv_ximgproc.3.4.0.dylib in Frameworks */,
				FE0BC50C203308D300505B36 /* libopencv_superres.3.4.0.dylib in Frameworks */,
				FE0BC50D203308D400505B36 /* libopencv_fuzzy.3.4.0.dylib in Frameworks */,
				FE0BC50E203308D400505B36 /* libopencv_features2d.3.4.0.dylib in Frameworks */,
				FE0BC50F203308D400505B36 /* libopencv_datasets.3.4.0.dylib in Frameworks */,
				FE0BC510203308D400505B36 /* libopencv_xobjdetect.3.4.0.dylib in Frameworks */,
				FE0BC511203308D400505B36 /* libopencv_highgui.3.4.0.dylib in Frameworks */,
				FE0BC512203308D400505B36 /* libopencv_stitching.3.4.0.dylib in Frameworks */,
				FE0BC513203308D400505B36 /* libopencv_calib3d.3.4.0.dylib in Frameworks */,
				FE0BC514203308D400505B36 /* libopencv_core.3.4.0.dylib in Frameworks */,
				FE0BC515203308D400505B36 /* libopencv_dpm.3.4.0.dylib in Frameworks */,
				FE0BC516203308D400505B36 /* libopencv_ccalib.3.4.0.dylib in Frameworks */,
				FE0BC517203308D400505B36 /* libopencv_rgbd.3.4.0.dylib in Frameworks */,
				FE0BC518203308D400505B36 /* libopencv_bgsegm.3.4.0.dylib in Frameworks */,
				FE0BC519203308D400505B36 /* libopencv_structured_light.3.4.0.dylib in Frameworks */,
				FE0BC51A203308D400505B36 /* libopencv_surface_matching.3.4.0.dylib in Frameworks */,
			);
			runOnlyForDeploymentPostprocessing = 0;
		};
/* End PBXFrameworksBuildPhase section */

/* Begin PBXGroup section */
		FE0BC4C6203308D100505B36 /* Frameworks */ = {
			isa = PBXGroup;
			children = (
				FE0BC4DD203308D300505B36 /* libopencv_aruco.3.4.0.dylib */,
				FE0BC4EE203308D300505B36 /* libopencv_bgsegm.3.4.0.dylib */,
				FE0BC4D9203308D300505B36 /* libopencv_bioinspired.3.4.0.dylib */,
				FE0BC4E9203308D300505B36 /* libopencv_calib3d.3.4.0.dylib */,
				FE0BC4EC203308D300505B36 /* libopencv_ccalib.3.4.0.dylib */,
				FE0BC4EA203308D300505B36 /* libopencv_core.3.4.0.dylib */,
				FE0BC4E5203308D300505B36 /* libopencv_datasets.3.4.0.dylib */,
				FE0BC4DA203308D300505B36 /* libopencv_dnn.3.4.0.dylib */,
				FE0BC4EB203308D300505B36 /* libopencv_dpm.3.4.0.dylib */,
				FE0BC4D7203308D300505B36 /* libopencv_face.3.4.0.dylib */,
				FE0BC4E4203308D300505B36 /* libopencv_features2d.3.4.0.dylib */,
				FE0BC4C9203308D200505B36 /* libopencv_flann.3.4.0.dylib */,
				FE0BC4E3203308D300505B36 /* libopencv_fuzzy.3.4.0.dylib */,
				FE0BC4E7203308D300505B36 /* libopencv_highgui.3.4.0.dylib */,
				FE0BC4CC203308D200505B36 /* libopencv_img_hash.3.4.0.dylib */,
				FE0BC4DF203308D300505B36 /* libopencv_imgcodecs.3.4.0.dylib */,
				FE0BC4CB203308D200505B36 /* libopencv_imgproc.3.4.0.dylib */,
				FE0BC4C7203308D200505B36 /* libopencv_line_descriptor.3.4.0.dylib */,
				FE0BC4D4203308D200505B36 /* libopencv_ml.3.4.0.dylib */,
				FE0BC4CF203308D200505B36 /* libopencv_objdetect.3.4.0.dylib */,
				FE0BC4DE203308D300505B36 /* libopencv_optflow.3.4.0.dylib */,
				FE0BC4D5203308D300505B36 /* libopencv_phase_unwrapping.3.4.0.dylib */,
				FE0BC4D1203308D200505B36 /* libopencv_photo.3.4.0.dylib */,
				FE0BC4CD203308D200505B36 /* libopencv_plot.3.4.0.dylib */,
				FE0BC4CA203308D200505B36 /* libopencv_reg.3.4.0.dylib */,
				FE0BC4ED203308D300505B36 /* libopencv_rgbd.3.4.0.dylib */,
				FE0BC4D6203308D300505B36 /* libopencv_saliency.3.4.0.dylib */,
				FE0BC4D8203308D300505B36 /* libopencv_shape.3.4.0.dylib */,
				FE0BC4DB203308D300505B36 /* libopencv_stereo.3.4.0.dylib */,
				FE0BC4E8203308D300505B36 /* libopencv_stitching.3.4.0.dylib */,
				FE0BC4EF203308D300505B36 /* libopencv_structured_light.3.4.0.dylib */,
				FE0BC4E2203308D300505B36 /* libopencv_superres.3.4.0.dylib */,
				FE0BC4F0203308D300505B36 /* libopencv_surface_matching.3.4.0.dylib */,
				FE0BC4D0203308D200505B36 /* libopencv_text.3.4.0.dylib */,
				FE0BC4D2203308D200505B36 /* libopencv_tracking.3.4.0.dylib */,
				FE0BC4DC203308D300505B36 /* libopencv_video.3.4.0.dylib */,
				FE0BC4C8203308D200505B36 /* libopencv_videoio.3.4.0.dylib */,
				FE0BC4E0203308D300505B36 /* libopencv_videostab.3.4.0.dylib */,
				FE0BC4D3203308D200505B36 /* libopencv_xfeatures2d.3.4.0.dylib */,
				FE0BC4E1203308D300505B36 /* libopencv_ximgproc.3.4.0.dylib */,
				FE0BC4E6203308D300505B36 /* libopencv_xobjdetect.3.4.0.dylib */,
				FE0BC4CE203308D200505B36 /* libopencv_xphoto.3.4.0.dylib */,
			);
			name = Frameworks;
			sourceTree = "<group>";
		};
		FE3CB6BD205C5F2F00620FB4 /* conversionOfLog */ = {
			isa = PBXGroup;
			children = (
				FE3CB6BE205C5F7A00620FB4 /* conversionOfLog.cpp */,
				FE3CB6BF205C5F7A00620FB4 /* conversionOfLog.hpp */,
			);
			path = conversionOfLog;
			sourceTree = "<group>";
		};
		FE3CB6C1205C60DE00620FB4 /* luminanceConversion */ = {
			isa = PBXGroup;
			children = (
				FE3CB6C2205C610D00620FB4 /* luminanceConversion.cpp */,
				FE3CB6C3205C610D00620FB4 /* luminanceConversion.hpp */,
			);
			path = luminanceConversion;
			sourceTree = "<group>";
		};
		FED7992B2033081F0065AC30 = {
			isa = PBXGroup;
			children = (
				FED799362033081F0065AC30 /* Luminance_conversion */,
				FED799352033081F0065AC30 /* Products */,
				FE0BC4C6203308D100505B36 /* Frameworks */,
			);
			sourceTree = "<group>";
		};
		FED799352033081F0065AC30 /* Products */ = {
			isa = PBXGroup;
			children = (
				FED799342033081F0065AC30 /* Luminance_conversion */,
			);
			name = Products;
			sourceTree = "<group>";
		};
		FED799362033081F0065AC30 /* Luminance_conversion */ = {
			isa = PBXGroup;
			children = (
				FED799372033081F0065AC30 /* main.cpp */,
				FE3CB6C1205C60DE00620FB4 /* luminanceConversion */,
				FE3CB6BD205C5F2F00620FB4 /* conversionOfLog */,
			);
			path = Luminance_conversion;
			sourceTree = "<group>";
		};
/* End PBXGroup section */

/* Begin PBXNativeTarget section */
		FED799332033081F0065AC30 /* Luminance_conversion */ = {
			isa = PBXNativeTarget;
			buildConfigurationList = FED7993B2033081F0065AC30 /* Build configuration list for PBXNativeTarget "Luminance_conversion" */;
			buildPhases = (
				FED799302033081F0065AC30 /* Sources */,
				FED799312033081F0065AC30 /* Frameworks */,
				FED799322033081F0065AC30 /* CopyFiles */,
			);
			buildRules = (
			);
			dependencies = (
			);
			name = Luminance_conversion;
			productName = Luminance_conversion;
			productReference = FED799342033081F0065AC30 /* Luminance_conversion */;
			productType = "com.apple.product-type.tool";
		};
/* End PBXNativeTarget section */

/* Begin PBXProject section */
		FED7992C2033081F0065AC30 /* Project object */ = {
			isa = PBXProject;
			attributes = {
				LastUpgradeCheck = 0910;
				ORGANIZATIONNAME = "Артём Семёнов";
				TargetAttributes = {
					FED799332033081F0065AC30 = {
						CreatedOnToolsVersion = 9.1;
						ProvisioningStyle = Automatic;
					};
				};
			};
			buildConfigurationList = FED7992F2033081F0065AC30 /* Build configuration list for PBXProject "Luminance_conversion" */;
			compatibilityVersion = "Xcode 8.0";
			developmentRegion = en;
			hasScannedForEncodings = 0;
			knownRegions = (
				en,
			);
			mainGroup = FED7992B2033081F0065AC30;
			productRefGroup = FED799352033081F0065AC30 /* Products */;
			projectDirPath = "";
			projectRoot = "";
			targets = (
				FED799332033081F0065AC30 /* Luminance_conversion */,
			);
		};
/* End PBXProject section */

/* Begin PBXSourcesBuildPhase section */
		FED799302033081F0065AC30 /* Sources */ = {
			isa = PBXSourcesBuildPhase;
			buildActionMask = 2147483647;
			files = (
				FE3CB6C4205C610D00620FB4 /* luminanceConversion.cpp in Sources */,
				FED799382033081F0065AC30 /* main.cpp in Sources */,
				FE3CB6C0205C5F7A00620FB4 /* conversionOfLog.cpp in Sources */,
			);
			runOnlyForDeploymentPostprocessing = 0;
		};
/* End PBXSourcesBuildPhase section */

/* Begin XCBuildConfiguration section */
		FED799392033081F0065AC30 /* Debug */ = {
			isa = XCBuildConfiguration;
			buildSettings = {
				ALWAYS_SEARCH_USER_PATHS = NO;
				CLANG_ANALYZER_NONNULL = YES;
				CLANG_ANALYZER_NUMBER_OBJECT_CONVERSION = YES_AGGRESSIVE;
				CLANG_CXX_LANGUAGE_STANDARD = "gnu++14";
				CLANG_CXX_LIBRARY = "libc++";
				CLANG_ENABLE_MODULES = YES;
				CLANG_ENABLE_OBJC_ARC = YES;
				CLANG_WARN_BLOCK_CAPTURE_AUTORELEASING = YES;
				CLANG_WARN_BOOL_CONVERSION = YES;
				CLANG_WARN_COMMA = YES;
				CLANG_WARN_CONSTANT_CONVERSION = YES;
				CLANG_WARN_DIRECT_OBJC_ISA_USAGE = YES_ERROR;
				CLANG_WARN_DOCUMENTATION_COMMENTS = YES;
				CLANG_WARN_EMPTY_BODY = YES;
				CLANG_WARN_ENUM_CONVERSION = YES;
				CLANG_WARN_INFINITE_RECURSION = YES;
				CLANG_WARN_INT_CONVERSION = YES;
				CLANG_WARN_NON_LITERAL_NULL_CONVERSION = YES;
				CLANG_WARN_OBJC_LITERAL_CONVERSION = YES;
				CLANG_WARN_OBJC_ROOT_CLASS = YES_ERROR;
				CLANG_WARN_RANGE_LOOP_ANALYSIS = YES;
				CLANG_WARN_STRICT_PROTOTYPES = YES;
				CLANG_WARN_SUSPICIOUS_MOVE = YES;
				CLANG_WARN_UNGUARDED_AVAILABILITY = YES_AGGRESSIVE;
				CLANG_WARN_UNREACHABLE_CODE = YES;
				CLANG_WARN__DUPLICATE_METHOD_MATCH = YES;
				CODE_SIGN_IDENTITY = "-";
				COPY_PHASE_STRIP = NO;
				DEBUG_INFORMATION_FORMAT = dwarf;
				ENABLE_STRICT_OBJC_MSGSEND = YES;
				ENABLE_TESTABILITY = YES;
				GCC_C_LANGUAGE_STANDARD = gnu11;
				GCC_DYNAMIC_NO_PIC = NO;
				GCC_NO_COMMON_BLOCKS = YES;
				GCC_OPTIMIZATION_LEVEL = 0;
				GCC_PREPROCESSOR_DEFINITIONS = (
					"DEBUG=1",
					"$(inherited)",
				);
				GCC_WARN_64_TO_32_BIT_CONVERSION = YES;
				GCC_WARN_ABOUT_RETURN_TYPE = YES_ERROR;
				GCC_WARN_UNDECLARED_SELECTOR = YES;
				GCC_WARN_UNINITIALIZED_AUTOS = YES_AGGRESSIVE;
				GCC_WARN_UNUSED_FUNCTION = YES;
				GCC_WARN_UNUSED_VARIABLE = YES;
				MACOSX_DEPLOYMENT_TARGET = 10.13;
				MTL_ENABLE_DEBUG_INFO = YES;
				ONLY_ACTIVE_ARCH = YES;
				SDKROOT = macosx;
			};
			name = Debug;
		};
		FED7993A2033081F0065AC30 /* Release */ = {
			isa = XCBuildConfiguration;
			buildSettings = {
				ALWAYS_SEARCH_USER_PATHS = NO;
				CLANG_ANALYZER_NONNULL = YES;
				CLANG_ANALYZER_NUMBER_OBJECT_CONVERSION = YES_AGGRESSIVE;
				CLANG_CXX_LANGUAGE_STANDARD = "gnu++14";
				CLANG_CXX_LIBRARY = "libc++";
				CLANG_ENABLE_MODULES = YES;
				CLANG_ENABLE_OBJC_ARC = YES;
				CLANG_WARN_BLOCK_CAPTURE_AUTORELEASING = YES;
				CLANG_WARN_BOOL_CONVERSION = YES;
				CLANG_WARN_COMMA = YES;
				CLANG_WARN_CONSTANT_CONVERSION = YES;
				CLANG_WARN_DIRECT_OBJC_ISA_USAGE = YES_ERROR;
				CLANG_WARN_DOCUMENTATION_COMMENTS = YES;
				CLANG_WARN_EMPTY_BODY = YES;
				CLANG_WARN_ENUM_CONVERSION = YES;
				CLANG_WARN_INFINITE_RECURSION = YES;
				CLANG_WARN_INT_CONVERSION = YES;
				CLANG_WARN_NON_LITERAL_NULL_CONVERSION = YES;
				CLANG_WARN_OBJC_LITERAL_CONVERSION = YES;
				CLANG_WARN_OBJC_ROOT_CLASS = YES_ERROR;
				CLANG_WARN_RANGE_LOOP_ANALYSIS = YES;
				CLANG_WARN_STRICT_PROTOTYPES = YES;
				CLANG_WARN_SUSPICIOUS_MOVE = YES;
				CLANG_WARN_UNGUARDED_AVAILABILITY = YES_AGGRESSIVE;
				CLANG_WARN_UNREACHABLE_CODE = YES;
				CLANG_WARN__DUPLICATE_METHOD_MATCH = YES;
				CODE_SIGN_IDENTITY = "-";
				COPY_PHASE_STRIP = NO;
				DEBUG_INFORMATION_FORMAT = "dwarf-with-dsym";
				ENABLE_NS_ASSERTIONS = NO;
				ENABLE_STRICT_OBJC_MSGSEND = YES;
				GCC_C_LANGUAGE_STANDARD = gnu11;
				GCC_NO_COMMON_BLOCKS = YES;
				GCC_WARN_64_TO_32_BIT_CONVERSION = YES;
				GCC_WARN_ABOUT_RETURN_TYPE = YES_ERROR;
				GCC_WARN_UNDECLARED_SELECTOR = YES;
				GCC_WARN_UNINITIALIZED_AUTOS = YES_AGGRESSIVE;
				GCC_WARN_UNUSED_FUNCTION = YES;
				GCC_WARN_UNUSED_VARIABLE = YES;
				MACOSX_DEPLOYMENT_TARGET = 10.13;
				MTL_ENABLE_DEBUG_INFO = NO;
				SDKROOT = macosx;
			};
			name = Release;
		};
		FED7993C2033081F0065AC30 /* Debug */ = {
			isa = XCBuildConfiguration;
			buildSettings = {
				ALWAYS_SEARCH_USER_PATHS = YES;
				CLANG_WARN_DOCUMENTATION_COMMENTS = NO;
				CODE_SIGN_STYLE = Automatic;
				HEADER_SEARCH_PATHS = /usr/local/include;
				LIBRARY_SEARCH_PATHS = (
					"$(inherited)",
					/usr/local/Cellar/opencv/3.4.0_1/lib,
				);
				PRODUCT_NAME = "$(TARGET_NAME)";
			};
			name = Debug;
		};
		FED7993D2033081F0065AC30 /* Release */ = {
			isa = XCBuildConfiguration;
			buildSettings = {
				ALWAYS_SEARCH_USER_PATHS = YES;
				CLANG_WARN_DOCUMENTATION_COMMENTS = NO;
				CODE_SIGN_STYLE = Automatic;
				HEADER_SEARCH_PATHS = /usr/local/include;
				LIBRARY_SEARCH_PATHS = (
					"$(inherited)",
					/usr/local/Cellar/opencv/3.4.0_1/lib,
				);
				PRODUCT_NAME = "$(TARGET_NAME)";
			};
			name = Release;
		};
/* End XCBuildConfiguration section */

/* Begin XCConfigurationList section */
		FED7992F2033081F0065AC30 /* Build configuration list for PBXProject "Luminance_conversion" */ = {
			isa = XCConfigurationList;
			buildConfigurations = (
				FED799392033081F0065AC30 /* Debug */,
				FED7993A2033081F0065AC30 /* Release */,
			);
			defaultConfigurationIsVisible = 0;
			defaultConfigurationName = Release;
		};
		FED7993B2033081F0065AC30 /* Build configuration list for PBXNativeTarget "Luminance_conversion" */ = {
			isa = XCConfigurationList;
			buildConfigurations = (
				FED7993C2033081F0065AC30 /* Debug */,
				FED7993D2033081F0065AC30 /* Release */,
			);
			defaultConfigurationIsVisible = 0;
			defaultConfigurationName = Release;
		};
/* End XCConfigurationList section */
	};
	rootObject = FED7992C2033081F0065AC30 /* Project object */;
}
